
Microsoft Visual Studio Solution File, Format Version 12.00
# Visual Studio Version 17
VisualStudioVersion = 17.1.32328.378
MinimumVisualStudioVersion = 10.0.40219.1
Project("{FAE04EC0-301F-11D3-BF4B-00C04F79EFBC}") = "DotNetEfCoreDemo", "DotNetEfCoreDemo\DotNetEfCoreDemo.csproj", "{6055A644-B9A3-47CE-B9FF-0337A4C8BFAA}"
EndProject
Global
	GlobalSection(SolutionConfigurationPlatforms) = preSolution
		Debug|Any CPU = Debug|Any CPU
		Release|Any CPU = Release|Any CPU
	EndGlobalSection
	GlobalSection(ProjectConfigurationPlatforms) = postSolution
		{6055A644-B9A3-47CE-B9FF-0337A4C8BFAA}.Debug|Any CPU.ActiveCfg = Debug|Any CPU
		{6055A644-B9A3-47CE-B9FF-0337A4C8BFAA}.Debug|Any CPU.Build.0 = Debug|Any CPU
		{6055A644-B9A3-47CE-B9FF-0337A4C8BFAA}.Release|Any CPU.ActiveCfg = Release|Any CPU
		{6055A644-B9A3-47CE-B9FF-0337A4C8BFAA}.Release|Any CPU.Build.0 = Release|Any CPU
	EndGlobalSection
	GlobalSection(SolutionProperties) = preSolution
		HideSolutionNode = FALSE
	EndGlobalSection
	GlobalSection(ExtensibilityGlobals) = postSolution
		SolutionGuid = {76D8C6ED-3262-40CA-B2C9-BF885ADF8669}
	EndGlobalSection
EndGlobal
